
Microsoft Visual Studio Solution File, Format Version 12.00
# Visual Studio 14
VisualStudioVersion = 14.0.25420.1
MinimumVisualStudioVersion = 10.0.40219.1
Project("{FAE04EC0-301F-11D3-BF4B-00C04F79EFBC}") = "Application", "Application\Application.csproj", "{7A41509D-5F15-4CD5-A79F-A7A1F2728FCF}"
EndProject
Global
	GlobalSection(SolutionConfigurationPlatforms) = preSolution
		Debug|Any CPU = Debug|Any CPU
		Release|Any CPU = Release|Any CPU
	EndGlobalSection
	GlobalSection(ProjectConfigurationPlatforms) = postSolution
		{7A41509D-5F15-4CD5-A79F-A7A1F2728FCF}.Debug|Any CPU.ActiveCfg = Debug|Any CPU
		{7A41509D-5F15-4CD5-A79F-A7A1F2728FCF}.Debug|Any CPU.Build.0 = Debug|Any CPU
		{7A41509D-5F15-4CD5-A79F-A7A1F2728FCF}.Release|Any CPU.ActiveCfg = Release|Any CPU
		{7A41509D-5F15-4CD5-A79F-A7A1F2728FCF}.Release|Any CPU.Build.0 = Release|Any CPU
	EndGlobalSection
	GlobalSection(SolutionProperties) = preSolution
		HideSolutionNode = FALSE
	EndGlobalSection
EndGlobal
